
Microsoft Visual Studio Solution File, Format Version 12.00
# Visual Studio Version 16
VisualStudioVersion = 16.0.30523.141
MinimumVisualStudioVersion = 10.0.40219.1
Project("{9A19103F-16F7-4668-BE54-9A1E7A4F7556}") = "Asynchronous_Client", "Asynchronus_Client\Asynchronous_Client.csproj", "{1DDD6393-7551-41CC-BE6B-8BA31DF2F3B2}"
EndProject
Global
	GlobalSection(SolutionConfigurationPlatforms) = preSolution
		Debug|Any CPU = Debug|Any CPU
		Release|Any CPU = Release|Any CPU
	EndGlobalSection
	GlobalSection(ProjectConfigurationPlatforms) = postSolution
		{1DDD6393-7551-41CC-BE6B-8BA31DF2F3B2}.Debug|Any CPU.ActiveCfg = Debug|Any CPU
		{1DDD6393-7551-41CC-BE6B-8BA31DF2F3B2}.Debug|Any CPU.Build.0 = Debug|Any CPU
		{1DDD6393-7551-41CC-BE6B-8BA31DF2F3B2}.Release|Any CPU.ActiveCfg = Release|Any CPU
		{1DDD6393-7551-41CC-BE6B-8BA31DF2F3B2}.Release|Any CPU.Build.0 = Release|Any CPU
	EndGlobalSection
	GlobalSection(SolutionProperties) = preSolution
		HideSolutionNode = FALSE
	EndGlobalSection
	GlobalSection(ExtensibilityGlobals) = postSolution
		SolutionGuid = {63D7BF0B-FBED-45C5-A0D8-3594126A7D69}
	EndGlobalSection
EndGlobal
